// !$*UTF8*$!
{
	archiveVersion = 1;
	classes = {
	};
	objectVersion = 56;
	objects = {

/* Begin PBXBuildFile section */
		BA38A2E72B8DC37B00F0B3DC /* AppDelegate.swift in Sources */ = {isa = PBXBuildFile; fileRef = BA38A2E62B8DC37B00F0B3DC /* AppDelegate.swift */; };
		BA38A2E92B8DC37B00F0B3DC /* ContentView.swift in Sources */ = {isa = PBXBuildFile; fileRef = BA38A2E82B8DC37B00F0B3DC /* ContentView.swift */; };
		BA38A2EB2B8DC37E00F0B3DC /* Assets.xcassets in Resources */ = {isa = PBXBuildFile; fileRef = BA38A2EA2B8DC37E00F0B3DC /* Assets.xcassets */; };
		BA38A2EE2B8DC37E00F0B3DC /* Preview Assets.xcassets in Resources */ = {isa = PBXBuildFile; fileRef = BA38A2ED2B8DC37E00F0B3DC /* Preview Assets.xcassets */; };
		BA38A2F82B8DC37E00F0B3DC /* FYPTests.swift in Sources */ = {isa = PBXBuildFile; fileRef = BA38A2F72B8DC37E00F0B3DC /* FYPTests.swift */; };
		BA38A3022B8DC37E00F0B3DC /* FYPUITests.swift in Sources */ = {isa = PBXBuildFile; fileRef = BA38A3012B8DC37E00F0B3DC /* FYPUITests.swift */; };
		BA38A3042B8DC37E00F0B3DC /* FYPUITestsLaunchTests.swift in Sources */ = {isa = PBXBuildFile; fileRef = BA38A3032B8DC37E00F0B3DC /* FYPUITestsLaunchTests.swift */; };
		BA38A3122B8DC3DA00F0B3DC /* levelList.swift in Sources */ = {isa = PBXBuildFile; fileRef = BA38A3112B8DC3DA00F0B3DC /* levelList.swift */; };
		BA38A3142B8DC3F100F0B3DC /* level.swift in Sources */ = {isa = PBXBuildFile; fileRef = BA38A3132B8DC3F100F0B3DC /* level.swift */; };
		BA38A3172B8DC48100F0B3DC /* ARView.swift in Sources */ = {isa = PBXBuildFile; fileRef = BA38A3162B8DC48100F0B3DC /* ARView.swift */; };
		BA38A31A2B8DC55300F0B3DC /* profile.swift in Sources */ = {isa = PBXBuildFile; fileRef = BA38A3192B8DC55300F0B3DC /* profile.swift */; };
		BAE72DC52B8DD1970074169F /* Model.swift in Sources */ = {isa = PBXBuildFile; fileRef = BAE72DC42B8DD1970074169F /* Model.swift */; };
		BAE72DC72B8DD1C90074169F /* selectView.swift in Sources */ = {isa = PBXBuildFile; fileRef = BAE72DC62B8DD1C90074169F /* selectView.swift */; };
		BAE72DE02B8E22330074169F /* Earth.rcproject in Sources */ = {isa = PBXBuildFile; fileRef = BAE72DDF2B8E22330074169F /* Earth.rcproject */; };
		BAE72DEF2B8E2C280074169F /* solar-system.svg in Resources */ = {isa = PBXBuildFile; fileRef = BAE72DE72B8E2C270074169F /* solar-system.svg */; };
		BAE72DF02B8E2C280074169F /* telescope.svg in Resources */ = {isa = PBXBuildFile; fileRef = BAE72DE82B8E2C270074169F /* telescope.svg */; };
		BAE72DF12B8E2C280074169F /* universe.svg in Resources */ = {isa = PBXBuildFile; fileRef = BAE72DE92B8E2C270074169F /* universe.svg */; };
		BAE72DF22B8E2C280074169F /* constellations.svg in Resources */ = {isa = PBXBuildFile; fileRef = BAE72DEA2B8E2C270074169F /* constellations.svg */; };
		BAE72DF32B8E2C280074169F /* launch.svg in Resources */ = {isa = PBXBuildFile; fileRef = BAE72DEB2B8E2C270074169F /* launch.svg */; };
		BAE72DF42B8E2C280074169F /* astronaut.svg in Resources */ = {isa = PBXBuildFile; fileRef = BAE72DEC2B8E2C280074169F /* astronaut.svg */; };
		BAE72DF52B8E2C280074169F /* astronomy.svg in Resources */ = {isa = PBXBuildFile; fileRef = BAE72DED2B8E2C280074169F /* astronomy.svg */; };
		BAE72DF62B8E2C280074169F /* book.svg in Resources */ = {isa = PBXBuildFile; fileRef = BAE72DEE2B8E2C280074169F /* book.svg */; };
		BAE72DF82B8E2C610074169F /* alien.svg in Resources */ = {isa = PBXBuildFile; fileRef = BAE72DF72B8E2C610074169F /* alien.svg */; };
		BAE72DFA2B8E34E40074169F /* Mars.rcproject in Sources */ = {isa = PBXBuildFile; fileRef = BAE72DF92B8E34E40074169F /* Mars.rcproject */; };
		BAE72E122B8E35330074169F /* Moon.rcproject in Sources */ = {isa = PBXBuildFile; fileRef = BAE72E092B8E35330074169F /* Moon.rcproject */; };
		BAE72E132B8E35330074169F /* Jupiter.rcproject in Sources */ = {isa = PBXBuildFile; fileRef = BAE72E0A2B8E35330074169F /* Jupiter.rcproject */; };
		BAE72E142B8E35330074169F /* Sun.rcproject in Sources */ = {isa = PBXBuildFile; fileRef = BAE72E0B2B8E35330074169F /* Sun.rcproject */; };
		BAE72E152B8E35330074169F /* Mercury.rcproject in Sources */ = {isa = PBXBuildFile; fileRef = BAE72E0C2B8E35330074169F /* Mercury.rcproject */; };
		BAE72E162B8E35330074169F /* Saturn.rcproject in Sources */ = {isa = PBXBuildFile; fileRef = BAE72E0D2B8E35330074169F /* Saturn.rcproject */; };
		BAE72E172B8E35330074169F /* Pluto.rcproject in Sources */ = {isa = PBXBuildFile; fileRef = BAE72E0E2B8E35330074169F /* Pluto.rcproject */; };
		BAE72E182B8E35330074169F /* Venus.rcproject in Sources */ = {isa = PBXBuildFile; fileRef = BAE72E0F2B8E35330074169F /* Venus.rcproject */; };
		BAE72E192B8E35330074169F /* Uranus.rcproject in Sources */ = {isa = PBXBuildFile; fileRef = BAE72E102B8E35330074169F /* Uranus.rcproject */; };
		BAE72E1A2B8E35330074169F /* Neptune.rcproject in Sources */ = {isa = PBXBuildFile; fileRef = BAE72E112B8E35330074169F /* Neptune.rcproject */; };
		BAE72E332B8E4A6D0074169F /* Earth.svg in Resources */ = {isa = PBXBuildFile; fileRef = BAE72E322B8E4A6D0074169F /* Earth.svg */; };
		BAE72E402B8E4B2B0074169F /* Sun.usdz in Resources */ = {isa = PBXBuildFile; fileRef = BAE72E352B8E4B1A0074169F /* Sun.usdz */; };
		BAE72E412B8E4B2B0074169F /* Pluto.usdz in Resources */ = {isa = PBXBuildFile; fileRef = BAE72E362B8E4B1B0074169F /* Pluto.usdz */; };
		BAE72E422B8E4B2B0074169F /* Earth.usdz in Resources */ = {isa = PBXBuildFile; fileRef = BAE72E372B8E4B1D0074169F /* Earth.usdz */; };
		BAE72E432B8E4B2B0074169F /* Neptune.usdz in Resources */ = {isa = PBXBuildFile; fileRef = BAE72E382B8E4B200074169F /* Neptune.usdz */; };
		BAE72E442B8E4B2B0074169F /* Jupiter.usdz in Resources */ = {isa = PBXBuildFile; fileRef = BAE72E392B8E4B210074169F /* Jupiter.usdz */; };
		BAE72E452B8E4B2B0074169F /* Moon.usdz in Resources */ = {isa = PBXBuildFile; fileRef = BAE72E3A2B8E4B220074169F /* Moon.usdz */; };
		BAE72E462B8E4B2B0074169F /* Mercury.usdz in Resources */ = {isa = PBXBuildFile; fileRef = BAE72E3B2B8E4B240074169F /* Mercury.usdz */; };
		BAE72E472B8E4B2B0074169F /* Saturn.usdz in Resources */ = {isa = PBXBuildFile; fileRef = BAE72E3C2B8E4B250074169F /* Saturn.usdz */; };
		BAE72E482B8E4B2B0074169F /* Uranus.usdz in Resources */ = {isa = PBXBuildFile; fileRef = BAE72E3D2B8E4B270074169F /* Uranus.usdz */; };
		BAE72E492B8E4B2B0074169F /* Mars.usdz in Resources */ = {isa = PBXBuildFile; fileRef = BAE72E3E2B8E4B290074169F /* Mars.usdz */; };
		BAE72E4A2B8E4B2B0074169F /* Venus.usdz in Resources */ = {isa = PBXBuildFile; fileRef = BAE72E3F2B8E4B2A0074169F /* Venus.usdz */; };
		BAE72E4D2B8EFF450074169F /* FocusEntity in Frameworks */ = {isa = PBXBuildFile; productRef = BAE72E4C2B8EFF450074169F /* FocusEntity */; };
/* End PBXBuildFile section */

/* Begin PBXContainerItemProxy section */
		BA38A2F42B8DC37E00F0B3DC /* PBXContainerItemProxy */ = {
			isa = PBXContainerItemProxy;
			containerPortal = BA38A2DB2B8DC37B00F0B3DC /* Project object */;
			proxyType = 1;
			remoteGlobalIDString = BA38A2E22B8DC37B00F0B3DC;
			remoteInfo = FYP;
		};
		BA38A2FE2B8DC37E00F0B3DC /* PBXContainerItemProxy */ = {
			isa = PBXContainerItemProxy;
			containerPortal = BA38A2DB2B8DC37B00F0B3DC /* Project object */;
			proxyType = 1;
			remoteGlobalIDString = BA38A2E22B8DC37B00F0B3DC;
			remoteInfo = FYP;
		};
/* End PBXContainerItemProxy section */

/* Begin PBXFileReference section */
		BA38A2E32B8DC37B00F0B3DC /* FYP.app */ = {isa = PBXFileReference; explicitFileType = wrapper.application; includeInIndex = 0; path = FYP.app; sourceTree = BUILT_PRODUCTS_DIR; };
		BA38A2E62B8DC37B00F0B3DC /* AppDelegate.swift */ = {isa = PBXFileReference; lastKnownFileType = sourcecode.swift; path = AppDelegate.swift; sourceTree = "<group>"; };
		BA38A2E82B8DC37B00F0B3DC /* ContentView.swift */ = {isa = PBXFileReference; lastKnownFileType = sourcecode.swift; path = ContentView.swift; sourceTree = "<group>"; };
		BA38A2EA2B8DC37E00F0B3DC /* Assets.xcassets */ = {isa = PBXFileReference; lastKnownFileType = folder.assetcatalog; path = Assets.xcassets; sourceTree = "<group>"; };
		BA38A2ED2B8DC37E00F0B3DC /* Preview Assets.xcassets */ = {isa = PBXFileReference; lastKnownFileType = folder.assetcatalog; path = "Preview Assets.xcassets"; sourceTree = "<group>"; };
		BA38A2F32B8DC37E00F0B3DC /* FYPTests.xctest */ = {isa = PBXFileReference; explicitFileType = wrapper.cfbundle; includeInIndex = 0; path = FYPTests.xctest; sourceTree = BUILT_PRODUCTS_DIR; };
		BA38A2F72B8DC37E00F0B3DC /* FYPTests.swift */ = {isa = PBXFileReference; lastKnownFileType = sourcecode.swift; path = FYPTests.swift; sourceTree = "<group>"; };
		BA38A2FD2B8DC37E00F0B3DC /* FYPUITests.xctest */ = {isa = PBXFileReference; explicitFileType = wrapper.cfbundle; includeInIndex = 0; path = FYPUITests.xctest; sourceTree = BUILT_PRODUCTS_DIR; };
		BA38A3012B8DC37E00F0B3DC /* FYPUITests.swift */ = {isa = PBXFileReference; lastKnownFileType = sourcecode.swift; path = FYPUITests.swift; sourceTree = "<group>"; };
		BA38A3032B8DC37E00F0B3DC /* FYPUITestsLaunchTests.swift */ = {isa = PBXFileReference; lastKnownFileType = sourcecode.swift; path = FYPUITestsLaunchTests.swift; sourceTree = "<group>"; };
		BA38A3112B8DC3DA00F0B3DC /* levelList.swift */ = {isa = PBXFileReference; lastKnownFileType = sourcecode.swift; path = levelList.swift; sourceTree = "<group>"; };
		BA38A3132B8DC3F100F0B3DC /* level.swift */ = {isa = PBXFileReference; lastKnownFileType = sourcecode.swift; path = level.swift; sourceTree = "<group>"; };
		BA38A3162B8DC48100F0B3DC /* ARView.swift */ = {isa = PBXFileReference; lastKnownFileType = sourcecode.swift; path = ARView.swift; sourceTree = "<group>"; };
		BA38A3192B8DC55300F0B3DC /* profile.swift */ = {isa = PBXFileReference; lastKnownFileType = sourcecode.swift; path = profile.swift; sourceTree = "<group>"; };
		BAE72DC42B8DD1970074169F /* Model.swift */ = {isa = PBXFileReference; lastKnownFileType = sourcecode.swift; path = Model.swift; sourceTree = "<group>"; };
		BAE72DC62B8DD1C90074169F /* selectView.swift */ = {isa = PBXFileReference; lastKnownFileType = sourcecode.swift; path = selectView.swift; sourceTree = "<group>"; };
		BAE72DDF2B8E22330074169F /* Earth.rcproject */ = {isa = PBXFileReference; lastKnownFileType = file.rcproject; name = Earth.rcproject; path = ../../../../../Earth.rcproject; sourceTree = "<group>"; };
		BAE72DE72B8E2C270074169F /* solar-system.svg */ = {isa = PBXFileReference; fileEncoding = 4; lastKnownFileType = text.xml; name = "solar-system.svg"; path = "../../../../Downloads/solar-system.svg"; sourceTree = "<group>"; };
		BAE72DE82B8E2C270074169F /* telescope.svg */ = {isa = PBXFileReference; fileEncoding = 4; lastKnownFileType = text.xml; name = telescope.svg; path = ../../../../Downloads/telescope.svg; sourceTree = "<group>"; };
		BAE72DE92B8E2C270074169F /* universe.svg */ = {isa = PBXFileReference; fileEncoding = 4; lastKnownFileType = text.xml; name = universe.svg; path = ../../../../Downloads/universe.svg; sourceTree = "<group>"; };
		BAE72DEA2B8E2C270074169F /* constellations.svg */ = {isa = PBXFileReference; fileEncoding = 4; lastKnownFileType = text.xml; name = constellations.svg; path = ../../../../Downloads/constellations.svg; sourceTree = "<group>"; };
		BAE72DEB2B8E2C270074169F /* launch.svg */ = {isa = PBXFileReference; fileEncoding = 4; lastKnownFileType = text.xml; name = launch.svg; path = ../../../../Downloads/launch.svg; sourceTree = "<group>"; };
		BAE72DEC2B8E2C280074169F /* astronaut.svg */ = {isa = PBXFileReference; fileEncoding = 4; lastKnownFileType = text.xml; name = astronaut.svg; path = ../../../../Downloads/astronaut.svg; sourceTree = "<group>"; };
		BAE72DED2B8E2C280074169F /* astronomy.svg */ = {isa = PBXFileReference; fileEncoding = 4; lastKnownFileType = text.xml; name = astronomy.svg; path = ../../../../Downloads/astronomy.svg; sourceTree = "<group>"; };
		BAE72DEE2B8E2C280074169F /* book.svg */ = {isa = PBXFileReference; fileEncoding = 4; lastKnownFileType = text.xml; name = book.svg; path = ../../../../Downloads/book.svg; sourceTree = "<group>"; };
		BAE72DF72B8E2C610074169F /* alien.svg */ = {isa = PBXFileReference; fileEncoding = 4; lastKnownFileType = text.xml; name = alien.svg; path = ../../../../Downloads/alien.svg; sourceTree = "<group>"; };
		BAE72DF92B8E34E40074169F /* Mars.rcproject */ = {isa = PBXFileReference; lastKnownFileType = file.rcproject; name = Mars.rcproject; path = ../../../../../Downloads/Mars.rcproject; sourceTree = "<group>"; };
		BAE72E092B8E35330074169F /* Moon.rcproject */ = {isa = PBXFileReference; lastKnownFileType = file.rcproject; name = Moon.rcproject; path = ../../../../../Moon.rcproject; sourceTree = "<group>"; };
		BAE72E0A2B8E35330074169F /* Jupiter.rcproject */ = {isa = PBXFileReference; lastKnownFileType = file.rcproject; name = Jupiter.rcproject; path = ../../../../../Jupiter.rcproject; sourceTree = "<group>"; };
		BAE72E0B2B8E35330074169F /* Sun.rcproject */ = {isa = PBXFileReference; lastKnownFileType = file.rcproject; name = Sun.rcproject; path = ../../../../../Sun.rcproject; sourceTree = "<group>"; };
		BAE72E0C2B8E35330074169F /* Mercury.rcproject */ = {isa = PBXFileReference; lastKnownFileType = file.rcproject; name = Mercury.rcproject; path = ../../../../../Mercury.rcproject; sourceTree = "<group>"; };
		BAE72E0D2B8E35330074169F /* Saturn.rcproject */ = {isa = PBXFileReference; lastKnownFileType = file.rcproject; name = Saturn.rcproject; path = ../../../../../Saturn.rcproject; sourceTree = "<group>"; };
		BAE72E0E2B8E35330074169F /* Pluto.rcproject */ = {isa = PBXFileReference; lastKnownFileType = file.rcproject; name = Pluto.rcproject; path = ../../../../../Pluto.rcproject; sourceTree = "<group>"; };
		BAE72E0F2B8E35330074169F /* Venus.rcproject */ = {isa = PBXFileReference; lastKnownFileType = file.rcproject; name = Venus.rcproject; path = ../../../../../Venus.rcproject; sourceTree = "<group>"; };
		BAE72E102B8E35330074169F /* Uranus.rcproject */ = {isa = PBXFileReference; lastKnownFileType = file.rcproject; name = Uranus.rcproject; path = ../../../../../Uranus.rcproject; sourceTree = "<group>"; };
		BAE72E112B8E35330074169F /* Neptune.rcproject */ = {isa = PBXFileReference; lastKnownFileType = file.rcproject; name = Neptune.rcproject; path = ../../../../../Neptune.rcproject; sourceTree = "<group>"; };
		BAE72E322B8E4A6D0074169F /* Earth.svg */ = {isa = PBXFileReference; fileEncoding = 4; lastKnownFileType = text.xml; name = Earth.svg; path = ../../../../Downloads/Earth.svg; sourceTree = "<group>"; };
		BAE72E352B8E4B1A0074169F /* Sun.usdz */ = {isa = PBXFileReference; lastKnownFileType = file.usdz; path = Sun.usdz; sourceTree = "<group>"; };
		BAE72E362B8E4B1B0074169F /* Pluto.usdz */ = {isa = PBXFileReference; lastKnownFileType = file.usdz; path = Pluto.usdz; sourceTree = "<group>"; };
		BAE72E372B8E4B1D0074169F /* Earth.usdz */ = {isa = PBXFileReference; lastKnownFileType = file.usdz; path = Earth.usdz; sourceTree = "<group>"; };
		BAE72E382B8E4B200074169F /* Neptune.usdz */ = {isa = PBXFileReference; lastKnownFileType = file.usdz; path = Neptune.usdz; sourceTree = "<group>"; };
		BAE72E392B8E4B210074169F /* Jupiter.usdz */ = {isa = PBXFileReference; lastKnownFileType = file.usdz; path = Jupiter.usdz; sourceTree = "<group>"; };
		BAE72E3A2B8E4B220074169F /* Moon.usdz */ = {isa = PBXFileReference; lastKnownFileType = file.usdz; path = Moon.usdz; sourceTree = "<group>"; };
		BAE72E3B2B8E4B240074169F /* Mercury.usdz */ = {isa = PBXFileReference; lastKnownFileType = file.usdz; path = Mercury.usdz; sourceTree = "<group>"; };
		BAE72E3C2B8E4B250074169F /* Saturn.usdz */ = {isa = PBXFileReference; lastKnownFileType = file.usdz; path = Saturn.usdz; sourceTree = "<group>"; };
		BAE72E3D2B8E4B270074169F /* Uranus.usdz */ = {isa = PBXFileReference; lastKnownFileType = file.usdz; path = Uranus.usdz; sourceTree = "<group>"; };
		BAE72E3E2B8E4B290074169F /* Mars.usdz */ = {isa = PBXFileReference; lastKnownFileType = file.usdz; path = Mars.usdz; sourceTree = "<group>"; };
		BAE72E3F2B8E4B2A0074169F /* Venus.usdz */ = {isa = PBXFileReference; lastKnownFileType = file.usdz; path = Venus.usdz; sourceTree = "<group>"; };
/* End PBXFileReference section */

/* Begin PBXFrameworksBuildPhase section */
		BA38A2E02B8DC37B00F0B3DC /* Frameworks */ = {
			isa = PBXFrameworksBuildPhase;
			buildActionMask = 2147483647;
			files = (
				BAE72E4D2B8EFF450074169F /* FocusEntity in Frameworks */,
			);
			runOnlyForDeploymentPostprocessing = 0;
		};
		BA38A2F02B8DC37E00F0B3DC /* Frameworks */ = {
			isa = PBXFrameworksBuildPhase;
			buildActionMask = 2147483647;
			files = (
			);
			runOnlyForDeploymentPostprocessing = 0;
		};
		BA38A2FA2B8DC37E00F0B3DC /* Frameworks */ = {
			isa = PBXFrameworksBuildPhase;
			buildActionMask = 2147483647;
			files = (
			);
			runOnlyForDeploymentPostprocessing = 0;
		};
/* End PBXFrameworksBuildPhase section */

/* Begin PBXGroup section */
		BA38A2DA2B8DC37B00F0B3DC = {
			isa = PBXGroup;
			children = (
				BA38A2E52B8DC37B00F0B3DC /* FYP */,
				BA38A2F62B8DC37E00F0B3DC /* FYPTests */,
				BA38A3002B8DC37E00F0B3DC /* FYPUITests */,
				BA38A2E42B8DC37B00F0B3DC /* Products */,
			);
			sourceTree = "<group>";
		};
		BA38A2E42B8DC37B00F0B3DC /* Products */ = {
			isa = PBXGroup;
			children = (
				BA38A2E32B8DC37B00F0B3DC /* FYP.app */,
				BA38A2F32B8DC37E00F0B3DC /* FYPTests.xctest */,
				BA38A2FD2B8DC37E00F0B3DC /* FYPUITests.xctest */,
			);
			name = Products;
			sourceTree = "<group>";
		};
		BA38A2E52B8DC37B00F0B3DC /* FYP */ = {
			isa = PBXGroup;
			children = (
				BA38A2E62B8DC37B00F0B3DC /* AppDelegate.swift */,
				BA38A2E82B8DC37B00F0B3DC /* ContentView.swift */,
				BA38A2EA2B8DC37E00F0B3DC /* Assets.xcassets */,
				BA38A3102B8DC3C800F0B3DC /* Games */,
				BA38A3152B8DC47700F0B3DC /* ARView */,
				BA38A3182B8DC54500F0B3DC /* Others */,
				BAE72DC32B8DD1890074169F /* Model */,
				BAE72DCA2B8DD8760074169F /* images */,
				BA38A2EC2B8DC37E00F0B3DC /* Preview Content */,
			);
			path = FYP;
			sourceTree = "<group>";
		};
		BA38A2EC2B8DC37E00F0B3DC /* Preview Content */ = {
			isa = PBXGroup;
			children = (
				BA38A2ED2B8DC37E00F0B3DC /* Preview Assets.xcassets */,
			);
			path = "Preview Content";
			sourceTree = "<group>";
		};
		BA38A2F62B8DC37E00F0B3DC /* FYPTests */ = {
			isa = PBXGroup;
			children = (
				BA38A2F72B8DC37E00F0B3DC /* FYPTests.swift */,
			);
			path = FYPTests;
			sourceTree = "<group>";
		};
		BA38A3002B8DC37E00F0B3DC /* FYPUITests */ = {
			isa = PBXGroup;
			children = (
				BA38A3012B8DC37E00F0B3DC /* FYPUITests.swift */,
				BA38A3032B8DC37E00F0B3DC /* FYPUITestsLaunchTests.swift */,
			);
			path = FYPUITests;
			sourceTree = "<group>";
		};
		BA38A3102B8DC3C800F0B3DC /* Games */ = {
			isa = PBXGroup;
			children = (
				BA38A3112B8DC3DA00F0B3DC /* levelList.swift */,
				BA38A3132B8DC3F100F0B3DC /* level.swift */,
			);
			path = Games;
			sourceTree = "<group>";
		};
		BA38A3152B8DC47700F0B3DC /* ARView */ = {
			isa = PBXGroup;
			children = (
				BAE72E342B8E4B060074169F /* usdz */,
				BAE72E1B2B8E439C0074169F /* models */,
				BA38A31B2B8DC9EF00F0B3DC /* object */,
				BA38A3162B8DC48100F0B3DC /* ARView.swift */,
				BAE72DC62B8DD1C90074169F /* selectView.swift */,
			);
			path = ARView;
			sourceTree = "<group>";
		};
		BA38A3182B8DC54500F0B3DC /* Others */ = {
			isa = PBXGroup;
			children = (
				BA38A3192B8DC55300F0B3DC /* profile.swift */,
			);
			path = Others;
			sourceTree = "<group>";
		};
		BA38A31B2B8DC9EF00F0B3DC /* object */ = {
			isa = PBXGroup;
			children = (
				BAE72DDF2B8E22330074169F /* Earth.rcproject */,
				BAE72E0A2B8E35330074169F /* Jupiter.rcproject */,
				BAE72E0C2B8E35330074169F /* Mercury.rcproject */,
				BAE72E092B8E35330074169F /* Moon.rcproject */,
				BAE72E112B8E35330074169F /* Neptune.rcproject */,
				BAE72E0E2B8E35330074169F /* Pluto.rcproject */,
				BAE72E0D2B8E35330074169F /* Saturn.rcproject */,
				BAE72E0B2B8E35330074169F /* Sun.rcproject */,
				BAE72E102B8E35330074169F /* Uranus.rcproject */,
				BAE72E0F2B8E35330074169F /* Venus.rcproject */,
				BAE72DF92B8E34E40074169F /* Mars.rcproject */,
			);
			path = object;
			sourceTree = "<group>";
		};
		BAE72DC32B8DD1890074169F /* Model */ = {
			isa = PBXGroup;
			children = (
				BAE72E322B8E4A6D0074169F /* Earth.svg */,
				BAE72DC42B8DD1970074169F /* Model.swift */,
			);
			path = Model;
			sourceTree = "<group>";
		};
		BAE72DCA2B8DD8760074169F /* images */ = {
			isa = PBXGroup;
			children = (
				BAE72DF72B8E2C610074169F /* alien.svg */,
				BAE72DEC2B8E2C280074169F /* astronaut.svg */,
				BAE72DED2B8E2C280074169F /* astronomy.svg */,
				BAE72DEE2B8E2C280074169F /* book.svg */,
				BAE72DEA2B8E2C270074169F /* constellations.svg */,
				BAE72DEB2B8E2C270074169F /* launch.svg */,
				BAE72DE72B8E2C270074169F /* solar-system.svg */,
				BAE72DE82B8E2C270074169F /* telescope.svg */,
				BAE72DE92B8E2C270074169F /* universe.svg */,
			);
			path = images;
			sourceTree = "<group>";
		};
		BAE72E1B2B8E439C0074169F /* models */ = {
			isa = PBXGroup;
			children = (
			);
			path = models;
			sourceTree = "<group>";
		};
		BAE72E342B8E4B060074169F /* usdz */ = {
			isa = PBXGroup;
			children = (
				BAE72E372B8E4B1D0074169F /* Earth.usdz */,
				BAE72E392B8E4B210074169F /* Jupiter.usdz */,
				BAE72E3E2B8E4B290074169F /* Mars.usdz */,
				BAE72E3B2B8E4B240074169F /* Mercury.usdz */,
				BAE72E3A2B8E4B220074169F /* Moon.usdz */,
				BAE72E382B8E4B200074169F /* Neptune.usdz */,
				BAE72E362B8E4B1B0074169F /* Pluto.usdz */,
				BAE72E3C2B8E4B250074169F /* Saturn.usdz */,
				BAE72E352B8E4B1A0074169F /* Sun.usdz */,
				BAE72E3D2B8E4B270074169F /* Uranus.usdz */,
				BAE72E3F2B8E4B2A0074169F /* Venus.usdz */,
			);
			path = usdz;
			sourceTree = "<group>";
		};
/* End PBXGroup section */

/* Begin PBXNativeTarget section */
		BA38A2E22B8DC37B00F0B3DC /* FYP */ = {
			isa = PBXNativeTarget;
			buildConfigurationList = BA38A3072B8DC37E00F0B3DC /* Build configuration list for PBXNativeTarget "FYP" */;
			buildPhases = (
				BA38A2DF2B8DC37B00F0B3DC /* Sources */,
				BA38A2E02B8DC37B00F0B3DC /* Frameworks */,
				BA38A2E12B8DC37B00F0B3DC /* Resources */,
			);
			buildRules = (
			);
			dependencies = (
			);
			name = FYP;
			packageProductDependencies = (
				BAE72E4C2B8EFF450074169F /* FocusEntity */,
			);
			productName = FYP;
			productReference = BA38A2E32B8DC37B00F0B3DC /* FYP.app */;
			productType = "com.apple.product-type.application";
		};
		BA38A2F22B8DC37E00F0B3DC /* FYPTests */ = {
			isa = PBXNativeTarget;
			buildConfigurationList = BA38A30A2B8DC37E00F0B3DC /* Build configuration list for PBXNativeTarget "FYPTests" */;
			buildPhases = (
				BA38A2EF2B8DC37E00F0B3DC /* Sources */,
				BA38A2F02B8DC37E00F0B3DC /* Frameworks */,
				BA38A2F12B8DC37E00F0B3DC /* Resources */,
			);
			buildRules = (
			);
			dependencies = (
				BA38A2F52B8DC37E00F0B3DC /* PBXTargetDependency */,
			);
			name = FYPTests;
			productName = FYPTests;
			productReference = BA38A2F32B8DC37E00F0B3DC /* FYPTests.xctest */;
			productType = "com.apple.product-type.bundle.unit-test";
		};
		BA38A2FC2B8DC37E00F0B3DC /* FYPUITests */ = {
			isa = PBXNativeTarget;
			buildConfigurationList = BA38A30D2B8DC37E00F0B3DC /* Build configuration list for PBXNativeTarget "FYPUITests" */;
			buildPhases = (
				BA38A2F92B8DC37E00F0B3DC /* Sources */,
				BA38A2FA2B8DC37E00F0B3DC /* Frameworks */,
				BA38A2FB2B8DC37E00F0B3DC /* Resources */,
			);
			buildRules = (
			);
			dependencies = (
				BA38A2FF2B8DC37E00F0B3DC /* PBXTargetDependency */,
			);
			name = FYPUITests;
			productName = FYPUITests;
			productReference = BA38A2FD2B8DC37E00F0B3DC /* FYPUITests.xctest */;
			productType = "com.apple.product-type.bundle.ui-testing";
		};
/* End PBXNativeTarget section */

/* Begin PBXProject section */
		BA38A2DB2B8DC37B00F0B3DC /* Project object */ = {
			isa = PBXProject;
			attributes = {
				BuildIndependentTargetsInParallel = 1;
				LastSwiftUpdateCheck = 1520;
				LastUpgradeCheck = 1520;
				TargetAttributes = {
					BA38A2E22B8DC37B00F0B3DC = {
						CreatedOnToolsVersion = 15.2;
					};
					BA38A2F22B8DC37E00F0B3DC = {
						CreatedOnToolsVersion = 15.2;
						TestTargetID = BA38A2E22B8DC37B00F0B3DC;
					};
					BA38A2FC2B8DC37E00F0B3DC = {
						CreatedOnToolsVersion = 15.2;
						TestTargetID = BA38A2E22B8DC37B00F0B3DC;
					};
				};
			};
			buildConfigurationList = BA38A2DE2B8DC37B00F0B3DC /* Build configuration list for PBXProject "FYP" */;
			compatibilityVersion = "Xcode 14.0";
			developmentRegion = en;
			hasScannedForEncodings = 0;
			knownRegions = (
				en,
				Base,
			);
			mainGroup = BA38A2DA2B8DC37B00F0B3DC;
			packageReferences = (
				BAE72E4B2B8EFF450074169F /* XCRemoteSwiftPackageReference "FocusEntity" */,
			);
			productRefGroup = BA38A2E42B8DC37B00F0B3DC /* Products */;
			projectDirPath = "";
			projectRoot = "";
			targets = (
				BA38A2E22B8DC37B00F0B3DC /* FYP */,
				BA38A2F22B8DC37E00F0B3DC /* FYPTests */,
				BA38A2FC2B8DC37E00F0B3DC /* FYPUITests */,
			);
		};
/* End PBXProject section */

/* Begin PBXResourcesBuildPhase section */
		BA38A2E12B8DC37B00F0B3DC /* Resources */ = {
			isa = PBXResourcesBuildPhase;
			buildActionMask = 2147483647;
			files = (
				BA38A2EE2B8DC37E00F0B3DC /* Preview Assets.xcassets in Resources */,
				BAE72DEF2B8E2C280074169F /* solar-system.svg in Resources */,
				BAE72DF32B8E2C280074169F /* launch.svg in Resources */,
				BAE72DF52B8E2C280074169F /* astronomy.svg in Resources */,
				BAE72DF12B8E2C280074169F /* universe.svg in Resources */,
				BAE72E422B8E4B2B0074169F /* Earth.usdz in Resources */,
				BAE72E462B8E4B2B0074169F /* Mercury.usdz in Resources */,
				BAE72E432B8E4B2B0074169F /* Neptune.usdz in Resources */,
				BAE72DF42B8E2C280074169F /* astronaut.svg in Resources */,
				BAE72E472B8E4B2B0074169F /* Saturn.usdz in Resources */,
				BA38A2EB2B8DC37E00F0B3DC /* Assets.xcassets in Resources */,
				BAE72DF62B8E2C280074169F /* book.svg in Resources */,
				BAE72E492B8E4B2B0074169F /* Mars.usdz in Resources */,
				BAE72E4A2B8E4B2B0074169F /* Venus.usdz in Resources */,
				BAE72E412B8E4B2B0074169F /* Pluto.usdz in Resources */,
				BAE72E402B8E4B2B0074169F /* Sun.usdz in Resources */,
				BAE72E452B8E4B2B0074169F /* Moon.usdz in Resources */,
				BAE72E442B8E4B2B0074169F /* Jupiter.usdz in Resources */,
				BAE72DF22B8E2C280074169F /* constellations.svg in Resources */,
				BAE72E332B8E4A6D0074169F /* Earth.svg in Resources */,
				BAE72E482B8E4B2B0074169F /* Uranus.usdz in Resources */,
				BAE72DF82B8E2C610074169F /* alien.svg in Resources */,
				BAE72DF02B8E2C280074169F /* telescope.svg in Resources */,
			);
			runOnlyForDeploymentPostprocessing = 0;
		};
		BA38A2F12B8DC37E00F0B3DC /* Resources */ = {
			isa = PBXResourcesBuildPhase;
			buildActionMask = 2147483647;
			files = (
			);
			runOnlyForDeploymentPostprocessing = 0;
		};
		BA38A2FB2B8DC37E00F0B3DC /* Resources */ = {
			isa = PBXResourcesBuildPhase;
			buildActionMask = 2147483647;
			files = (
			);
			runOnlyForDeploymentPostprocessing = 0;
		};
/* End PBXResourcesBuildPhase section */

/* Begin PBXSourcesBuildPhase section */
		BA38A2DF2B8DC37B00F0B3DC /* Sources */ = {
			isa = PBXSourcesBuildPhase;
			buildActionMask = 2147483647;
			files = (
				BA38A3172B8DC48100F0B3DC /* ARView.swift in Sources */,
				BAE72DE02B8E22330074169F /* Earth.rcproject in Sources */,
				BAE72E152B8E35330074169F /* Mercury.rcproject in Sources */,
				BA38A2E92B8DC37B00F0B3DC /* ContentView.swift in Sources */,
				BAE72E182B8E35330074169F /* Venus.rcproject in Sources */,
				BAE72E162B8E35330074169F /* Saturn.rcproject in Sources */,
				BA38A3122B8DC3DA00F0B3DC /* levelList.swift in Sources */,
				BAE72DC72B8DD1C90074169F /* selectView.swift in Sources */,
				BA38A31A2B8DC55300F0B3DC /* profile.swift in Sources */,
				BAE72E142B8E35330074169F /* Sun.rcproject in Sources */,
				BAE72E132B8E35330074169F /* Jupiter.rcproject in Sources */,
				BA38A3142B8DC3F100F0B3DC /* level.swift in Sources */,
				BAE72E1A2B8E35330074169F /* Neptune.rcproject in Sources */,
				BAE72E192B8E35330074169F /* Uranus.rcproject in Sources */,
				BAE72DC52B8DD1970074169F /* Model.swift in Sources */,
				BAE72E122B8E35330074169F /* Moon.rcproject in Sources */,
				BAE72E172B8E35330074169F /* Pluto.rcproject in Sources */,
				BA38A2E72B8DC37B00F0B3DC /* AppDelegate.swift in Sources */,
				BAE72DFA2B8E34E40074169F /* Mars.rcproject in Sources */,
			);
			runOnlyForDeploymentPostprocessing = 0;
		};
		BA38A2EF2B8DC37E00F0B3DC /* Sources */ = {
			isa = PBXSourcesBuildPhase;
			buildActionMask = 2147483647;
			files = (
				BA38A2F82B8DC37E00F0B3DC /* FYPTests.swift in Sources */,
			);
			runOnlyForDeploymentPostprocessing = 0;
		};
		BA38A2F92B8DC37E00F0B3DC /* Sources */ = {
			isa = PBXSourcesBuildPhase;
			buildActionMask = 2147483647;
			files = (
				BA38A3042B8DC37E00F0B3DC /* FYPUITestsLaunchTests.swift in Sources */,
				BA38A3022B8DC37E00F0B3DC /* FYPUITests.swift in Sources */,
			);
			runOnlyForDeploymentPostprocessing = 0;
		};
/* End PBXSourcesBuildPhase section */

/* Begin PBXTargetDependency section */
		BA38A2F52B8DC37E00F0B3DC /* PBXTargetDependency */ = {
			isa = PBXTargetDependency;
			target = BA38A2E22B8DC37B00F0B3DC /* FYP */;
			targetProxy = BA38A2F42B8DC37E00F0B3DC /* PBXContainerItemProxy */;
		};
		BA38A2FF2B8DC37E00F0B3DC /* PBXTargetDependency */ = {
			isa = PBXTargetDependency;
			target = BA38A2E22B8DC37B00F0B3DC /* FYP */;
			targetProxy = BA38A2FE2B8DC37E00F0B3DC /* PBXContainerItemProxy */;
		};
/* End PBXTargetDependency section */

/* Begin XCBuildConfiguration section */
		BA38A3052B8DC37E00F0B3DC /* Debug */ = {
			isa = XCBuildConfiguration;
			buildSettings = {
				ALWAYS_SEARCH_USER_PATHS = NO;
				ASSETCATALOG_COMPILER_GENERATE_SWIFT_ASSET_SYMBOL_EXTENSIONS = YES;
				CLANG_ANALYZER_NONNULL = YES;
				CLANG_ANALYZER_NUMBER_OBJECT_CONVERSION = YES_AGGRESSIVE;
				CLANG_CXX_LANGUAGE_STANDARD = "gnu++20";
				CLANG_ENABLE_MODULES = YES;
				CLANG_ENABLE_OBJC_ARC = YES;
				CLANG_ENABLE_OBJC_WEAK = YES;
				CLANG_WARN_BLOCK_CAPTURE_AUTORELEASING = YES;
				CLANG_WARN_BOOL_CONVERSION = YES;
				CLANG_WARN_COMMA = YES;
				CLANG_WARN_CONSTANT_CONVERSION = YES;
				CLANG_WARN_DEPRECATED_OBJC_IMPLEMENTATIONS = YES;
				CLANG_WARN_DIRECT_OBJC_ISA_USAGE = YES_ERROR;
				CLANG_WARN_DOCUMENTATION_COMMENTS = YES;
				CLANG_WARN_EMPTY_BODY = YES;
				CLANG_WARN_ENUM_CONVERSION = YES;
				CLANG_WARN_INFINITE_RECURSION = YES;
				CLANG_WARN_INT_CONVERSION = YES;
				CLANG_WARN_NON_LITERAL_NULL_CONVERSION = YES;
				CLANG_WARN_OBJC_IMPLICIT_RETAIN_SELF = YES;
				CLANG_WARN_OBJC_LITERAL_CONVERSION = YES;
				CLANG_WARN_OBJC_ROOT_CLASS = YES_ERROR;
				CLANG_WARN_QUOTED_INCLUDE_IN_FRAMEWORK_HEADER = YES;
				CLANG_WARN_RANGE_LOOP_ANALYSIS = YES;
				CLANG_WARN_STRICT_PROTOTYPES = YES;
				CLANG_WARN_SUSPICIOUS_MOVE = YES;
				CLANG_WARN_UNGUARDED_AVAILABILITY = YES_AGGRESSIVE;
				CLANG_WARN_UNREACHABLE_CODE = YES;
				CLANG_WARN__DUPLICATE_METHOD_MATCH = YES;
				COPY_PHASE_STRIP = NO;
				DEBUG_INFORMATION_FORMAT = dwarf;
				ENABLE_STRICT_OBJC_MSGSEND = YES;
				ENABLE_TESTABILITY = YES;
				ENABLE_USER_SCRIPT_SANDBOXING = YES;
				GCC_C_LANGUAGE_STANDARD = gnu17;
				GCC_DYNAMIC_NO_PIC = NO;
				GCC_NO_COMMON_BLOCKS = YES;
				GCC_OPTIMIZATION_LEVEL = 0;
				GCC_PREPROCESSOR_DEFINITIONS = (
					"DEBUG=1",
					"$(inherited)",
				);
				GCC_WARN_64_TO_32_BIT_CONVERSION = YES;
				GCC_WARN_ABOUT_RETURN_TYPE = YES_ERROR;
				GCC_WARN_UNDECLARED_SELECTOR = YES;
				GCC_WARN_UNINITIALIZED_AUTOS = YES_AGGRESSIVE;
				GCC_WARN_UNUSED_FUNCTION = YES;
				GCC_WARN_UNUSED_VARIABLE = YES;
				IPHONEOS_DEPLOYMENT_TARGET = 17.2;
				LOCALIZATION_PREFERS_STRING_CATALOGS = YES;
				MTL_ENABLE_DEBUG_INFO = INCLUDE_SOURCE;
				MTL_FAST_MATH = YES;
				ONLY_ACTIVE_ARCH = YES;
				SDKROOT = iphoneos;
				SWIFT_ACTIVE_COMPILATION_CONDITIONS = "DEBUG $(inherited)";
				SWIFT_OPTIMIZATION_LEVEL = "-Onone";
			};
			name = Debug;
		};
		BA38A3062B8DC37E00F0B3DC /* Release */ = {
			isa = XCBuildConfiguration;
			buildSettings = {
				ALWAYS_SEARCH_USER_PATHS = NO;
				ASSETCATALOG_COMPILER_GENERATE_SWIFT_ASSET_SYMBOL_EXTENSIONS = YES;
				CLANG_ANALYZER_NONNULL = YES;
				CLANG_ANALYZER_NUMBER_OBJECT_CONVERSION = YES_AGGRESSIVE;
				CLANG_CXX_LANGUAGE_STANDARD = "gnu++20";
				CLANG_ENABLE_MODULES = YES;
				CLANG_ENABLE_OBJC_ARC = YES;
				CLANG_ENABLE_OBJC_WEAK = YES;
				CLANG_WARN_BLOCK_CAPTURE_AUTORELEASING = YES;
				CLANG_WARN_BOOL_CONVERSION = YES;
				CLANG_WARN_COMMA = YES;
				CLANG_WARN_CONSTANT_CONVERSION = YES;
				CLANG_WARN_DEPRECATED_OBJC_IMPLEMENTATIONS = YES;
				CLANG_WARN_DIRECT_OBJC_ISA_USAGE = YES_ERROR;
				CLANG_WARN_DOCUMENTATION_COMMENTS = YES;
				CLANG_WARN_EMPTY_BODY = YES;
				CLANG_WARN_ENUM_CONVERSION = YES;
				CLANG_WARN_INFINITE_RECURSION = YES;
				CLANG_WARN_INT_CONVERSION = YES;
				CLANG_WARN_NON_LITERAL_NULL_CONVERSION = YES;
				CLANG_WARN_OBJC_IMPLICIT_RETAIN_SELF = YES;
				CLANG_WARN_OBJC_LITERAL_CONVERSION = YES;
				CLANG_WARN_OBJC_ROOT_CLASS = YES_ERROR;
				CLANG_WARN_QUOTED_INCLUDE_IN_FRAMEWORK_HEADER = YES;
				CLANG_WARN_RANGE_LOOP_ANALYSIS = YES;
				CLANG_WARN_STRICT_PROTOTYPES = YES;
				CLANG_WARN_SUSPICIOUS_MOVE = YES;
				CLANG_WARN_UNGUARDED_AVAILABILITY = YES_AGGRESSIVE;
				CLANG_WARN_UNREACHABLE_CODE = YES;
				CLANG_WARN__DUPLICATE_METHOD_MATCH = YES;
				COPY_PHASE_STRIP = NO;
				DEBUG_INFORMATION_FORMAT = "dwarf-with-dsym";
				ENABLE_NS_ASSERTIONS = NO;
				ENABLE_STRICT_OBJC_MSGSEND = YES;
				ENABLE_USER_SCRIPT_SANDBOXING = YES;
				GCC_C_LANGUAGE_STANDARD = gnu17;
				GCC_NO_COMMON_BLOCKS = YES;
				GCC_WARN_64_TO_32_BIT_CONVERSION = YES;
				GCC_WARN_ABOUT_RETURN_TYPE = YES_ERROR;
				GCC_WARN_UNDECLARED_SELECTOR = YES;
				GCC_WARN_UNINITIALIZED_AUTOS = YES_AGGRESSIVE;
				GCC_WARN_UNUSED_FUNCTION = YES;
				GCC_WARN_UNUSED_VARIABLE = YES;
				IPHONEOS_DEPLOYMENT_TARGET = 17.2;
				LOCALIZATION_PREFERS_STRING_CATALOGS = YES;
				MTL_ENABLE_DEBUG_INFO = NO;
				MTL_FAST_MATH = YES;
				SDKROOT = iphoneos;
				SWIFT_COMPILATION_MODE = wholemodule;
				VALIDATE_PRODUCT = YES;
			};
			name = Release;
		};
		BA38A3082B8DC37E00F0B3DC /* Debug */ = {
			isa = XCBuildConfiguration;
			buildSettings = {
				ASSETCATALOG_COMPILER_APPICON_NAME = AppIcon;
				ASSETCATALOG_COMPILER_GLOBAL_ACCENT_COLOR_NAME = AccentColor;
				CODE_SIGN_STYLE = Automatic;
				CURRENT_PROJECT_VERSION = 1;
				DEVELOPMENT_ASSET_PATHS = "\"FYP/Preview Content\"";
				DEVELOPMENT_TEAM = VTJL63GVW6;
				ENABLE_PREVIEWS = YES;
				GENERATE_INFOPLIST_FILE = YES;
				INFOPLIST_KEY_NSCameraUsageDescription = "";
				INFOPLIST_KEY_UIApplicationSupportsIndirectInputEvents = YES;
				INFOPLIST_KEY_UILaunchScreen_Generation = YES;
				INFOPLIST_KEY_UIRequiredDeviceCapabilities = arkit;
				INFOPLIST_KEY_UIStatusBarHidden = YES;
				INFOPLIST_KEY_UISupportedInterfaceOrientations_iPad = "UIInterfaceOrientationPortrait UIInterfaceOrientationPortraitUpsideDown UIInterfaceOrientationLandscapeLeft UIInterfaceOrientationLandscapeRight";
				INFOPLIST_KEY_UISupportedInterfaceOrientations_iPhone = "UIInterfaceOrientationPortrait UIInterfaceOrientationLandscapeLeft UIInterfaceOrientationLandscapeRight";
				LD_RUNPATH_SEARCH_PATHS = (
					"$(inherited)",
					"@executable_path/Frameworks",
				);
				MARKETING_VERSION = 1.0;
				PRODUCT_BUNDLE_IDENTIFIER = com.beans.FYP;
				PRODUCT_NAME = "$(TARGET_NAME)";
				SWIFT_EMIT_LOC_STRINGS = YES;
				SWIFT_VERSION = 5.0;
				TARGETED_DEVICE_FAMILY = "1,2";
			};
			name = Debug;
		};
		BA38A3092B8DC37E00F0B3DC /* Release */ = {
			isa = XCBuildConfiguration;
			buildSettings = {
				ASSETCATALOG_COMPILER_APPICON_NAME = AppIcon;
				ASSETCATALOG_COMPILER_GLOBAL_ACCENT_COLOR_NAME = AccentColor;
				CODE_SIGN_STYLE = Automatic;
				CURRENT_PROJECT_VERSION = 1;
				DEVELOPMENT_ASSET_PATHS = "\"FYP/Preview Content\"";
				DEVELOPMENT_TEAM = VTJL63GVW6;
				ENABLE_PREVIEWS = YES;
				GENERATE_INFOPLIST_FILE = YES;
				INFOPLIST_KEY_NSCameraUsageDescription = "";
				INFOPLIST_KEY_UIApplicationSupportsIndirectInputEvents = YES;
				INFOPLIST_KEY_UILaunchScreen_Generation = YES;
				INFOPLIST_KEY_UIRequiredDeviceCapabilities = arkit;
				INFOPLIST_KEY_UIStatusBarHidden = YES;
				INFOPLIST_KEY_UISupportedInterfaceOrientations_iPad = "UIInterfaceOrientationPortrait UIInterfaceOrientationPortraitUpsideDown UIInterfaceOrientationLandscapeLeft UIInterfaceOrientationLandscapeRight";
				INFOPLIST_KEY_UISupportedInterfaceOrientations_iPhone = "UIInterfaceOrientationPortrait UIInterfaceOrientationLandscapeLeft UIInterfaceOrientationLandscapeRight";
				LD_RUNPATH_SEARCH_PATHS = (
					"$(inherited)",
					"@executable_path/Frameworks",
				);
				MARKETING_VERSION = 1.0;
				PRODUCT_BUNDLE_IDENTIFIER = com.beans.FYP;
				PRODUCT_NAME = "$(TARGET_NAME)";
				SWIFT_EMIT_LOC_STRINGS = YES;
				SWIFT_VERSION = 5.0;
				TARGETED_DEVICE_FAMILY = "1,2";
			};
			name = Release;
		};
		BA38A30B2B8DC37E00F0B3DC /* Debug */ = {
			isa = XCBuildConfiguration;
			buildSettings = {
				ALWAYS_EMBED_SWIFT_STANDARD_LIBRARIES = YES;
				BUNDLE_LOADER = "$(TEST_HOST)";
				CODE_SIGN_STYLE = Automatic;
				CURRENT_PROJECT_VERSION = 1;
				DEVELOPMENT_TEAM = VTJL63GVW6;
				GENERATE_INFOPLIST_FILE = YES;
				IPHONEOS_DEPLOYMENT_TARGET = 17.2;
				MARKETING_VERSION = 1.0;
				PRODUCT_BUNDLE_IDENTIFIER = com.beans.FYPTests;
				PRODUCT_NAME = "$(TARGET_NAME)";
				SWIFT_EMIT_LOC_STRINGS = NO;
				SWIFT_VERSION = 5.0;
				TARGETED_DEVICE_FAMILY = "1,2";
				TEST_HOST = "$(BUILT_PRODUCTS_DIR)/FYP.app/$(BUNDLE_EXECUTABLE_FOLDER_PATH)/FYP";
			};
			name = Debug;
		};
		BA38A30C2B8DC37E00F0B3DC /* Release */ = {
			isa = XCBuildConfiguration;
			buildSettings = {
				ALWAYS_EMBED_SWIFT_STANDARD_LIBRARIES = YES;
				BUNDLE_LOADER = "$(TEST_HOST)";
				CODE_SIGN_STYLE = Automatic;
				CURRENT_PROJECT_VERSION = 1;
				DEVELOPMENT_TEAM = VTJL63GVW6;
				GENERATE_INFOPLIST_FILE = YES;
				IPHONEOS_DEPLOYMENT_TARGET = 17.2;
				MARKETING_VERSION = 1.0;
				PRODUCT_BUNDLE_IDENTIFIER = com.beans.FYPTests;
				PRODUCT_NAME = "$(TARGET_NAME)";
				SWIFT_EMIT_LOC_STRINGS = NO;
				SWIFT_VERSION = 5.0;
				TARGETED_DEVICE_FAMILY = "1,2";
				TEST_HOST = "$(BUILT_PRODUCTS_DIR)/FYP.app/$(BUNDLE_EXECUTABLE_FOLDER_PATH)/FYP";
			};
			name = Release;
		};
		BA38A30E2B8DC37E00F0B3DC /* Debug */ = {
			isa = XCBuildConfiguration;
			buildSettings = {
				ALWAYS_EMBED_SWIFT_STANDARD_LIBRARIES = YES;
				CODE_SIGN_STYLE = Automatic;
				CURRENT_PROJECT_VERSION = 1;
				DEVELOPMENT_TEAM = VTJL63GVW6;
				GENERATE_INFOPLIST_FILE = YES;
				MARKETING_VERSION = 1.0;
				PRODUCT_BUNDLE_IDENTIFIER = com.beans.FYPUITests;
				PRODUCT_NAME = "$(TARGET_NAME)";
				SWIFT_EMIT_LOC_STRINGS = NO;
				SWIFT_VERSION = 5.0;
				TARGETED_DEVICE_FAMILY = "1,2";
				TEST_TARGET_NAME = FYP;
			};
			name = Debug;
		};
		BA38A30F2B8DC37E00F0B3DC /* Release */ = {
			isa = XCBuildConfiguration;
			buildSettings = {
				ALWAYS_EMBED_SWIFT_STANDARD_LIBRARIES = YES;
				CODE_SIGN_STYLE = Automatic;
				CURRENT_PROJECT_VERSION = 1;
				DEVELOPMENT_TEAM = VTJL63GVW6;
				GENERATE_INFOPLIST_FILE = YES;
				MARKETING_VERSION = 1.0;
				PRODUCT_BUNDLE_IDENTIFIER = com.beans.FYPUITests;
				PRODUCT_NAME = "$(TARGET_NAME)";
				SWIFT_EMIT_LOC_STRINGS = NO;
				SWIFT_VERSION = 5.0;
				TARGETED_DEVICE_FAMILY = "1,2";
				TEST_TARGET_NAME = FYP;
			};
			name = Release;
		};
/* End XCBuildConfiguration section */

/* Begin XCConfigurationList section */
		BA38A2DE2B8DC37B00F0B3DC /* Build configuration list for PBXProject "FYP" */ = {
			isa = XCConfigurationList;
			buildConfigurations = (
				BA38A3052B8DC37E00F0B3DC /* Debug */,
				BA38A3062B8DC37E00F0B3DC /* Release */,
			);
			defaultConfigurationIsVisible = 0;
			defaultConfigurationName = Release;
		};
		BA38A3072B8DC37E00F0B3DC /* Build configuration list for PBXNativeTarget "FYP" */ = {
			isa = XCConfigurationList;
			buildConfigurations = (
				BA38A3082B8DC37E00F0B3DC /* Debug */,
				BA38A3092B8DC37E00F0B3DC /* Release */,
			);
			defaultConfigurationIsVisible = 0;
			defaultConfigurationName = Release;
		};
		BA38A30A2B8DC37E00F0B3DC /* Build configuration list for PBXNativeTarget "FYPTests" */ = {
			isa = XCConfigurationList;
			buildConfigurations = (
				BA38A30B2B8DC37E00F0B3DC /* Debug */,
				BA38A30C2B8DC37E00F0B3DC /* Release */,
			);
			defaultConfigurationIsVisible = 0;
			defaultConfigurationName = Release;
		};
		BA38A30D2B8DC37E00F0B3DC /* Build configuration list for PBXNativeTarget "FYPUITests" */ = {
			isa = XCConfigurationList;
			buildConfigurations = (
				BA38A30E2B8DC37E00F0B3DC /* Debug */,
				BA38A30F2B8DC37E00F0B3DC /* Release */,
			);
			defaultConfigurationIsVisible = 0;
			defaultConfigurationName = Release;
		};
/* End XCConfigurationList section */

/* Begin XCRemoteSwiftPackageReference section */
		BAE72E4B2B8EFF450074169F /* XCRemoteSwiftPackageReference "FocusEntity" */ = {
			isa = XCRemoteSwiftPackageReference;
			repositoryURL = "https://github.com/maxxfrazer/FocusEntity.git";
			requirement = {
				kind = upToNextMajorVersion;
				minimumVersion = 2.5.1;
			};
		};
/* End XCRemoteSwiftPackageReference section */

/* Begin XCSwiftPackageProductDependency section */
		BAE72E4C2B8EFF450074169F /* FocusEntity */ = {
			isa = XCSwiftPackageProductDependency;
			package = BAE72E4B2B8EFF450074169F /* XCRemoteSwiftPackageReference "FocusEntity" */;
			productName = FocusEntity;
		};
/* End XCSwiftPackageProductDependency section */
	};
	rootObject = BA38A2DB2B8DC37B00F0B3DC /* Project object */;
}
